
Microsoft Visual Studio Solution File, Format Version 12.00
# Visual Studio 2013
VisualStudioVersion = 12.0.30501.0
MinimumVisualStudioVersion = 10.0.40219.1
Project("{8BC9CEB8-8B4A-11D0-8D11-00A0C91BC942}") = "GIFXX", "GIFXX\GIFXX.vcxproj", "{73BB2548-2B7F-4E65-9A01-6CD9486FA6AB}"
EndProject
Global
	GlobalSection(SolutionConfigurationPlatforms) = preSolution
		Debug|Win32 = Debug|Win32
		Debug|x64 = Debug|x64
		Release|Win32 = Release|Win32
		Release|x64 = Release|x64
	EndGlobalSection
	GlobalSection(ProjectConfigurationPlatforms) = postSolution
		{73BB2548-2B7F-4E65-9A01-6CD9486FA6AB}.Debug|Win32.ActiveCfg = Release|x64
		{73BB2548-2B7F-4E65-9A01-6CD9486FA6AB}.Debug|Win32.Build.0 = Release|x64
		{73BB2548-2B7F-4E65-9A01-6CD9486FA6AB}.Debug|x64.ActiveCfg = Debug|x64
		{73BB2548-2B7F-4E65-9A01-6CD9486FA6AB}.Debug|x64.Build.0 = Debug|x64
		{73BB2548-2B7F-4E65-9A01-6CD9486FA6AB}.Release|Win32.ActiveCfg = Release|Win32
		{73BB2548-2B7F-4E65-9A01-6CD9486FA6AB}.Release|Win32.Build.0 = Release|Win32
		{73BB2548-2B7F-4E65-9A01-6CD9486FA6AB}.Release|x64.ActiveCfg = Release|x64
		{73BB2548-2B7F-4E65-9A01-6CD9486FA6AB}.Release|x64.Build.0 = Release|x64
	EndGlobalSection
	GlobalSection(SolutionProperties) = preSolution
		HideSolutionNode = FALSE
	EndGlobalSection
EndGlobal
